github.com/bayusedana26/golang-bayu v1.0.0 h1:fxjDBRU1k/2cj8D/PX7Ri/gsXmWS0jEj89Y2mCn5GLQ=
github.com/bayusedana26/golang-bayu v1.0.0/go.mod h1:grlCNPWnPwswQz9a4XwjiCkn+tM3MbREG7S1fofwcg4=
github.com/bayusedana26/golang-bayu v1.2.0 h1:PhM2ofHBJ8/bhjAOGv+wdQRGCXP8klNmNXOkHnVOecI=
github.com/bayusedana26/golang-bayu v1.2.0/go.mod h1:grlCNPWnPwswQz9a4XwjiCkn+tM3MbREG7S1fofwcg4=
github.com/bayusedana26/golang-bayu/v2 v2.0.0 h1:sLJmULl0OE2WmzHw0BtlDZ+0VBc/UZDEtpQg+q3KxN8=
github.com/bayusedana26/golang-bayu/v2 v2.0.0/go.mod h1:v+h2mpeZxmPfKmceb0bMTSA4gMPeRdcprGi9k4sToUk=
